
Microsoft Visual Studio Solution File, Format Version 12.00
# Visual Studio 15
VisualStudioVersion = 15.0.28010.0
MinimumVisualStudioVersion = 10.0.40219.1
Project("{2150E333-8FDC-42A3-9474-1A3956D46DE8}") = "Services", "Services", "{922976E9-C9D5-41C8-B0D0-64490A736AA7}"
EndProject
Project("{2150E333-8FDC-42A3-9474-1A3956D46DE8}") = "Tests", "Tests", "{18A50091-DFA3-4D38-AC76-E3F27AC40093}"
EndProject
Project("{FAE04EC0-301F-11D3-BF4B-00C04F79EFBC}") = "NinjaStore.Tests", "NinjaStore.Tests\NinjaStore.Tests.csproj", "{639B8217-8435-4C31-91C0-CB8B98EAE0B6}"
EndProject
Project("{9A19103F-16F7-4668-BE54-9A1E7A4F7556}") = "Products", "Products\Products.csproj", "{876362E7-B98B-4447-BF2C-A57A25489EF4}"
EndProject
Project("{2150E333-8FDC-42A3-9474-1A3956D46DE8}") = "Common", "Common", "{92445787-79A7-4DE3-AA98-68B88B0EBC30}"
EndProject
Project("{FAE04EC0-301F-11D3-BF4B-00C04F79EFBC}") = "NinjaStore.Common", "NinjaStore.Common\NinjaStore.Common.csproj", "{A664A876-00BF-4B6C-9706-141E169423DC}"
EndProject
Global
	GlobalSection(SolutionConfigurationPlatforms) = preSolution
		Debug|Any CPU = Debug|Any CPU
		Release|Any CPU = Release|Any CPU
	EndGlobalSection
	GlobalSection(ProjectConfigurationPlatforms) = postSolution
		{639B8217-8435-4C31-91C0-CB8B98EAE0B6}.Debug|Any CPU.ActiveCfg = Debug|Any CPU
		{639B8217-8435-4C31-91C0-CB8B98EAE0B6}.Debug|Any CPU.Build.0 = Debug|Any CPU
		{639B8217-8435-4C31-91C0-CB8B98EAE0B6}.Release|Any CPU.ActiveCfg = Release|Any CPU
		{639B8217-8435-4C31-91C0-CB8B98EAE0B6}.Release|Any CPU.Build.0 = Release|Any CPU
		{876362E7-B98B-4447-BF2C-A57A25489EF4}.Debug|Any CPU.ActiveCfg = Debug|Any CPU
		{876362E7-B98B-4447-BF2C-A57A25489EF4}.Debug|Any CPU.Build.0 = Debug|Any CPU
		{876362E7-B98B-4447-BF2C-A57A25489EF4}.Release|Any CPU.ActiveCfg = Release|Any CPU
		{876362E7-B98B-4447-BF2C-A57A25489EF4}.Release|Any CPU.Build.0 = Release|Any CPU
		{A664A876-00BF-4B6C-9706-141E169423DC}.Debug|Any CPU.ActiveCfg = Debug|Any CPU
		{A664A876-00BF-4B6C-9706-141E169423DC}.Debug|Any CPU.Build.0 = Debug|Any CPU
		{A664A876-00BF-4B6C-9706-141E169423DC}.Release|Any CPU.ActiveCfg = Release|Any CPU
		{A664A876-00BF-4B6C-9706-141E169423DC}.Release|Any CPU.Build.0 = Release|Any CPU
	EndGlobalSection
	GlobalSection(SolutionProperties) = preSolution
		HideSolutionNode = FALSE
	EndGlobalSection
	GlobalSection(NestedProjects) = preSolution
		{639B8217-8435-4C31-91C0-CB8B98EAE0B6} = {18A50091-DFA3-4D38-AC76-E3F27AC40093}
		{876362E7-B98B-4447-BF2C-A57A25489EF4} = {922976E9-C9D5-41C8-B0D0-64490A736AA7}
		{A664A876-00BF-4B6C-9706-141E169423DC} = {92445787-79A7-4DE3-AA98-68B88B0EBC30}
	EndGlobalSection
	GlobalSection(ExtensibilityGlobals) = postSolution
		SolutionGuid = {515FD86B-5154-42F6-B0D5-712A5AD5A25C}
	EndGlobalSection
EndGlobal
